// !$*UTF8*$!
{
	archiveVersion = 1;
	classes = {
	};
	objectVersion = 50;
	objects = {

/* Begin PBXBuildFile section */
		BF05A54A248350AD006C5D78 /* DirectionsViewController.swift in Sources */ = {isa = PBXBuildFile; fileRef = BF05A549248350AD006C5D78 /* DirectionsViewController.swift */; };
		BF335F0A2487EED400B8F273 /* Util.swift in Sources */ = {isa = PBXBuildFile; fileRef = BF335F092487EED400B8F273 /* Util.swift */; };
		BF814830247AE9D100C3CA5B /* InitViewController.swift in Sources */ = {isa = PBXBuildFile; fileRef = BF81482F247AE9D100C3CA5B /* InitViewController.swift */; };
		BF9AF3D02479F1B80023ACAC /* 463-4638145_flush-toilet-png-icon-clipart-png-download-blue.png in Resources */ = {isa = PBXBuildFile; fileRef = BF9AF3CF2479F1B80023ACAC /* 463-4638145_flush-toilet-png-icon-clipart-png-download-blue.png */; };
		BFE992012462825B001BF023 /* AppDelegate.swift in Sources */ = {isa = PBXBuildFile; fileRef = BFE992002462825B001BF023 /* AppDelegate.swift */; };
		BFE992032462825B001BF023 /* SceneDelegate.swift in Sources */ = {isa = PBXBuildFile; fileRef = BFE992022462825B001BF023 /* SceneDelegate.swift */; };
		BFE992082462825B001BF023 /* Main.storyboard in Resources */ = {isa = PBXBuildFile; fileRef = BFE992062462825B001BF023 /* Main.storyboard */; };
		BFE9920A2462825E001BF023 /* Assets.xcassets in Resources */ = {isa = PBXBuildFile; fileRef = BFE992092462825E001BF023 /* Assets.xcassets */; };
		BFE9920D2462825E001BF023 /* LaunchScreen.storyboard in Resources */ = {isa = PBXBuildFile; fileRef = BFE9920B2462825E001BF023 /* LaunchScreen.storyboard */; };
		BFE99215246282F7001BF023 /* TableViewController.swift in Sources */ = {isa = PBXBuildFile; fileRef = BFE99214246282F7001BF023 /* TableViewController.swift */; };
		BFE992172462866B001BF023 /* ToiletAPI.swift in Sources */ = {isa = PBXBuildFile; fileRef = BFE992162462866B001BF023 /* ToiletAPI.swift */; };
		BFE992192462B7C0001BF023 /* DetailViewController.swift in Sources */ = {isa = PBXBuildFile; fileRef = BFE992182462B7C0001BF023 /* DetailViewController.swift */; };
/* End PBXBuildFile section */

/* Begin PBXFileReference section */
		BF05A549248350AD006C5D78 /* DirectionsViewController.swift */ = {isa = PBXFileReference; lastKnownFileType = sourcecode.swift; path = DirectionsViewController.swift; sourceTree = "<group>"; };
		BF05A54B24835721006C5D78 /* Location.gpx */ = {isa = PBXFileReference; lastKnownFileType = text.xml; path = Location.gpx; sourceTree = "<group>"; };
		BF335F092487EED400B8F273 /* Util.swift */ = {isa = PBXFileReference; lastKnownFileType = sourcecode.swift; path = Util.swift; sourceTree = "<group>"; };
		BF81482F247AE9D100C3CA5B /* InitViewController.swift */ = {isa = PBXFileReference; lastKnownFileType = sourcecode.swift; path = InitViewController.swift; sourceTree = "<group>"; };
		BF9AF3CF2479F1B80023ACAC /* 463-4638145_flush-toilet-png-icon-clipart-png-download-blue.png */ = {isa = PBXFileReference; lastKnownFileType = image.png; path = "463-4638145_flush-toilet-png-icon-clipart-png-download-blue.png"; sourceTree = "<group>"; };
		BFE991FD2462825B001BF023 /* Toilets.app */ = {isa = PBXFileReference; explicitFileType = wrapper.application; includeInIndex = 0; path = Toilets.app; sourceTree = BUILT_PRODUCTS_DIR; };
		BFE992002462825B001BF023 /* AppDelegate.swift */ = {isa = PBXFileReference; lastKnownFileType = sourcecode.swift; path = AppDelegate.swift; sourceTree = "<group>"; };
		BFE992022462825B001BF023 /* SceneDelegate.swift */ = {isa = PBXFileReference; lastKnownFileType = sourcecode.swift; path = SceneDelegate.swift; sourceTree = "<group>"; };
		BFE992072462825B001BF023 /* Base */ = {isa = PBXFileReference; lastKnownFileType = file.storyboard; name = Base; path = Base.lproj/Main.storyboard; sourceTree = "<group>"; };
		BFE992092462825E001BF023 /* Assets.xcassets */ = {isa = PBXFileReference; lastKnownFileType = folder.assetcatalog; path = Assets.xcassets; sourceTree = "<group>"; };
		BFE9920C2462825E001BF023 /* Base */ = {isa = PBXFileReference; lastKnownFileType = file.storyboard; name = Base; path = Base.lproj/LaunchScreen.storyboard; sourceTree = "<group>"; };
		BFE9920E2462825E001BF023 /* Info.plist */ = {isa = PBXFileReference; lastKnownFileType = text.plist.xml; path = Info.plist; sourceTree = "<group>"; };
		BFE99214246282F7001BF023 /* TableViewController.swift */ = {isa = PBXFileReference; lastKnownFileType = sourcecode.swift; path = TableViewController.swift; sourceTree = "<group>"; };
		BFE992162462866B001BF023 /* ToiletAPI.swift */ = {isa = PBXFileReference; lastKnownFileType = sourcecode.swift; path = ToiletAPI.swift; sourceTree = "<group>"; };
		BFE992182462B7C0001BF023 /* DetailViewController.swift */ = {isa = PBXFileReference; lastKnownFileType = sourcecode.swift; path = DetailViewController.swift; sourceTree = "<group>"; };
/* End PBXFileReference section */

/* Begin PBXFrameworksBuildPhase section */
		BFE991FA2462825B001BF023 /* Frameworks */ = {
			isa = PBXFrameworksBuildPhase;
			buildActionMask = 2147483647;
			files = (
			);
			runOnlyForDeploymentPostprocessing = 0;
		};
/* End PBXFrameworksBuildPhase section */

/* Begin PBXGroup section */
		BFE991F42462825B001BF023 = {
			isa = PBXGroup;
			children = (
				BF335F092487EED400B8F273 /* Util.swift */,
				BFE991FF2462825B001BF023 /* Toilets */,
				BFE991FE2462825B001BF023 /* Products */,
			);
			sourceTree = "<group>";
		};
		BFE991FE2462825B001BF023 /* Products */ = {
			isa = PBXGroup;
			children = (
				BFE991FD2462825B001BF023 /* Toilets.app */,
			);
			name = Products;
			sourceTree = "<group>";
		};
		BFE991FF2462825B001BF023 /* Toilets */ = {
			isa = PBXGroup;
			children = (
				BF9AF3CF2479F1B80023ACAC /* 463-4638145_flush-toilet-png-icon-clipart-png-download-blue.png */,
				BFE992002462825B001BF023 /* AppDelegate.swift */,
				BFE992022462825B001BF023 /* SceneDelegate.swift */,
				BF81482F247AE9D100C3CA5B /* InitViewController.swift */,
				BFE99214246282F7001BF023 /* TableViewController.swift */,
				BFE992182462B7C0001BF023 /* DetailViewController.swift */,
				BF05A549248350AD006C5D78 /* DirectionsViewController.swift */,
				BF05A54B24835721006C5D78 /* Location.gpx */,
				BFE992062462825B001BF023 /* Main.storyboard */,
				BFE992092462825E001BF023 /* Assets.xcassets */,
				BFE9920B2462825E001BF023 /* LaunchScreen.storyboard */,
				BFE9920E2462825E001BF023 /* Info.plist */,
				BFE992162462866B001BF023 /* ToiletAPI.swift */,
			);
			path = Toilets;
			sourceTree = "<group>";
		};
/* End PBXGroup section */

/* Begin PBXNativeTarget section */
		BFE991FC2462825B001BF023 /* Toilets */ = {
			isa = PBXNativeTarget;
			buildConfigurationList = BFE992112462825E001BF023 /* Build configuration list for PBXNativeTarget "Toilets" */;
			buildPhases = (
				BFE991F92462825B001BF023 /* Sources */,
				BFE991FA2462825B001BF023 /* Frameworks */,
				BFE991FB2462825B001BF023 /* Resources */,
			);
			buildRules = (
			);
			dependencies = (
			);
			name = Toilets;
			productName = Toilets;
			productReference = BFE991FD2462825B001BF023 /* Toilets.app */;
			productType = "com.apple.product-type.application";
		};
/* End PBXNativeTarget section */

/* Begin PBXProject section */
		BFE991F52462825B001BF023 /* Project object */ = {
			isa = PBXProject;
			attributes = {
				LastSwiftUpdateCheck = 1140;
				LastUpgradeCheck = 1140;
				ORGANIZATIONNAME = "Muhammad Mehdi Raza";
				TargetAttributes = {
					BFE991FC2462825B001BF023 = {
						CreatedOnToolsVersion = 11.4;
					};
				};
			};
			buildConfigurationList = BFE991F82462825B001BF023 /* Build configuration list for PBXProject "Toilets" */;
			compatibilityVersion = "Xcode 9.3";
			developmentRegion = en;
			hasScannedForEncodings = 0;
			knownRegions = (
				en,
				Base,
			);
			mainGroup = BFE991F42462825B001BF023;
			productRefGroup = BFE991FE2462825B001BF023 /* Products */;
			projectDirPath = "";
			projectRoot = "";
			targets = (
				BFE991FC2462825B001BF023 /* Toilets */,
			);
		};
/* End PBXProject section */

/* Begin PBXResourcesBuildPhase section */
		BFE991FB2462825B001BF023 /* Resources */ = {
			isa = PBXResourcesBuildPhase;
			buildActionMask = 2147483647;
			files = (
				BFE9920D2462825E001BF023 /* LaunchScreen.storyboard in Resources */,
				BFE9920A2462825E001BF023 /* Assets.xcassets in Resources */,
				BF9AF3D02479F1B80023ACAC /* 463-4638145_flush-toilet-png-icon-clipart-png-download-blue.png in Resources */,
				BFE992082462825B001BF023 /* Main.storyboard in Resources */,
			);
			runOnlyForDeploymentPostprocessing = 0;
		};
/* End PBXResourcesBuildPhase section */

/* Begin PBXSourcesBuildPhase section */
		BFE991F92462825B001BF023 /* Sources */ = {
			isa = PBXSourcesBuildPhase;
			buildActionMask = 2147483647;
			files = (
				BFE992172462866B001BF023 /* ToiletAPI.swift in Sources */,
				BFE992012462825B001BF023 /* AppDelegate.swift in Sources */,
				BF814830247AE9D100C3CA5B /* InitViewController.swift in Sources */,
				BF335F0A2487EED400B8F273 /* Util.swift in Sources */,
				BFE992192462B7C0001BF023 /* DetailViewController.swift in Sources */,
				BFE992032462825B001BF023 /* SceneDelegate.swift in Sources */,
				BF05A54A248350AD006C5D78 /* DirectionsViewController.swift in Sources */,
				BFE99215246282F7001BF023 /* TableViewController.swift in Sources */,
			);
			runOnlyForDeploymentPostprocessing = 0;
		};
/* End PBXSourcesBuildPhase section */

/* Begin PBXVariantGroup section */
		BFE992062462825B001BF023 /* Main.storyboard */ = {
			isa = PBXVariantGroup;
			children = (
				BFE992072462825B001BF023 /* Base */,
			);
			name = Main.storyboard;
			sourceTree = "<group>";
		};
		BFE9920B2462825E001BF023 /* LaunchScreen.storyboard */ = {
			isa = PBXVariantGroup;
			children = (
				BFE9920C2462825E001BF023 /* Base */,
			);
			name = LaunchScreen.storyboard;
			sourceTree = "<group>";
		};
/* End PBXVariantGroup section */

/* Begin XCBuildConfiguration section */
		BFE9920F2462825E001BF023 /* Debug */ = {
			isa = XCBuildConfiguration;
			buildSettings = {
				ALWAYS_SEARCH_USER_PATHS = NO;
				CLANG_ANALYZER_NONNULL = YES;
				CLANG_ANALYZER_NUMBER_OBJECT_CONVERSION = YES_AGGRESSIVE;
				CLANG_CXX_LANGUAGE_STANDARD = "gnu++14";
				CLANG_CXX_LIBRARY = "libc++";
				CLANG_ENABLE_MODULES = YES;
				CLANG_ENABLE_OBJC_ARC = YES;
				CLANG_ENABLE_OBJC_WEAK = YES;
				CLANG_WARN_BLOCK_CAPTURE_AUTORELEASING = YES;
				CLANG_WARN_BOOL_CONVERSION = YES;
				CLANG_WARN_COMMA = YES;
				CLANG_WARN_CONSTANT_CONVERSION = YES;
				CLANG_WARN_DEPRECATED_OBJC_IMPLEMENTATIONS = YES;
				CLANG_WARN_DIRECT_OBJC_ISA_USAGE = YES_ERROR;
				CLANG_WARN_DOCUMENTATION_COMMENTS = YES;
				CLANG_WARN_EMPTY_BODY = YES;
				CLANG_WARN_ENUM_CONVERSION = YES;
				CLANG_WARN_INFINITE_RECURSION = YES;
				CLANG_WARN_INT_CONVERSION = YES;
				CLANG_WARN_NON_LITERAL_NULL_CONVERSION = YES;
				CLANG_WARN_OBJC_IMPLICIT_RETAIN_SELF = YES;
				CLANG_WARN_OBJC_LITERAL_CONVERSION = YES;
				CLANG_WARN_OBJC_ROOT_CLASS = YES_ERROR;
				CLANG_WARN_RANGE_LOOP_ANALYSIS = YES;
				CLANG_WARN_STRICT_PROTOTYPES = YES;
				CLANG_WARN_SUSPICIOUS_MOVE = YES;
				CLANG_WARN_UNGUARDED_AVAILABILITY = YES_AGGRESSIVE;
				CLANG_WARN_UNREACHABLE_CODE = YES;
				CLANG_WARN__DUPLICATE_METHOD_MATCH = YES;
				COPY_PHASE_STRIP = NO;
				DEBUG_INFORMATION_FORMAT = dwarf;
				ENABLE_STRICT_OBJC_MSGSEND = YES;
				ENABLE_TESTABILITY = YES;
				GCC_C_LANGUAGE_STANDARD = gnu11;
				GCC_DYNAMIC_NO_PIC = NO;
				GCC_NO_COMMON_BLOCKS = YES;
				GCC_OPTIMIZATION_LEVEL = 0;
				GCC_PREPROCESSOR_DEFINITIONS = (
					"DEBUG=1",
					"$(inherited)",
				);
				GCC_WARN_64_TO_32_BIT_CONVERSION = YES;
				GCC_WARN_ABOUT_RETURN_TYPE = YES_ERROR;
				GCC_WARN_UNDECLARED_SELECTOR = YES;
				GCC_WARN_UNINITIALIZED_AUTOS = YES_AGGRESSIVE;
				GCC_WARN_UNUSED_FUNCTION = YES;
				GCC_WARN_UNUSED_VARIABLE = YES;
				IPHONEOS_DEPLOYMENT_TARGET = 13.4;
				MTL_ENABLE_DEBUG_INFO = INCLUDE_SOURCE;
				MTL_FAST_MATH = YES;
				ONLY_ACTIVE_ARCH = YES;
				SDKROOT = iphoneos;
				SWIFT_ACTIVE_COMPILATION_CONDITIONS = DEBUG;
				SWIFT_OPTIMIZATION_LEVEL = "-Onone";
			};
			name = Debug;
		};
		BFE992102462825E001BF023 /* Release */ = {
			isa = XCBuildConfiguration;
			buildSettings = {
				ALWAYS_SEARCH_USER_PATHS = NO;
				CLANG_ANALYZER_NONNULL = YES;
				CLANG_ANALYZER_NUMBER_OBJECT_CONVERSION = YES_AGGRESSIVE;
				CLANG_CXX_LANGUAGE_STANDARD = "gnu++14";
				CLANG_CXX_LIBRARY = "libc++";
				CLANG_ENABLE_MODULES = YES;
				CLANG_ENABLE_OBJC_ARC = YES;
				CLANG_ENABLE_OBJC_WEAK = YES;
				CLANG_WARN_BLOCK_CAPTURE_AUTORELEASING = YES;
				CLANG_WARN_BOOL_CONVERSION = YES;
				CLANG_WARN_COMMA = YES;
				CLANG_WARN_CONSTANT_CONVERSION = YES;
				CLANG_WARN_DEPRECATED_OBJC_IMPLEMENTATIONS = YES;
				CLANG_WARN_DIRECT_OBJC_ISA_USAGE = YES_ERROR;
				CLANG_WARN_DOCUMENTATION_COMMENTS = YES;
				CLANG_WARN_EMPTY_BODY = YES;
				CLANG_WARN_ENUM_CONVERSION = YES;
				CLANG_WARN_INFINITE_RECURSION = YES;
				CLANG_WARN_INT_CONVERSION = YES;
				CLANG_WARN_NON_LITERAL_NULL_CONVERSION = YES;
				CLANG_WARN_OBJC_IMPLICIT_RETAIN_SELF = YES;
				CLANG_WARN_OBJC_LITERAL_CONVERSION = YES;
				CLANG_WARN_OBJC_ROOT_CLASS = YES_ERROR;
				CLANG_WARN_RANGE_LOOP_ANALYSIS = YES;
				CLANG_WARN_STRICT_PROTOTYPES = YES;
				CLANG_WARN_SUSPICIOUS_MOVE = YES;
				CLANG_WARN_UNGUARDED_AVAILABILITY = YES_AGGRESSIVE;
				CLANG_WARN_UNREACHABLE_CODE = YES;
				CLANG_WARN__DUPLICATE_METHOD_MATCH = YES;
				COPY_PHASE_STRIP = NO;
				DEBUG_INFORMATION_FORMAT = "dwarf-with-dsym";
				ENABLE_NS_ASSERTIONS = NO;
				ENABLE_STRICT_OBJC_MSGSEND = YES;
				GCC_C_LANGUAGE_STANDARD = gnu11;
				GCC_NO_COMMON_BLOCKS = YES;
				GCC_WARN_64_TO_32_BIT_CONVERSION = YES;
				GCC_WARN_ABOUT_RETURN_TYPE = YES_ERROR;
				GCC_WARN_UNDECLARED_SELECTOR = YES;
				GCC_WARN_UNINITIALIZED_AUTOS = YES_AGGRESSIVE;
				GCC_WARN_UNUSED_FUNCTION = YES;
				GCC_WARN_UNUSED_VARIABLE = YES;
				IPHONEOS_DEPLOYMENT_TARGET = 13.4;
				MTL_ENABLE_DEBUG_INFO = NO;
				MTL_FAST_MATH = YES;
				SDKROOT = iphoneos;
				SWIFT_COMPILATION_MODE = wholemodule;
				SWIFT_OPTIMIZATION_LEVEL = "-O";
				VALIDATE_PRODUCT = YES;
			};
			name = Release;
		};
		BFE992122462825E001BF023 /* Debug */ = {
			isa = XCBuildConfiguration;
			buildSettings = {
				ASSETCATALOG_COMPILER_APPICON_NAME = AppIcon;
				CODE_SIGN_STYLE = Automatic;
				INFOPLIST_FILE = Toilets/Info.plist;
				LD_RUNPATH_SEARCH_PATHS = (
					"$(inherited)",
					"@executable_path/Frameworks",
				);
				PRODUCT_BUNDLE_IDENTIFIER = com.swinburne.Toilets;
				PRODUCT_NAME = "$(TARGET_NAME)";
				SWIFT_VERSION = 5.0;
				TARGETED_DEVICE_FAMILY = "1,2";
			};
			name = Debug;
		};
		BFE992132462825E001BF023 /* Release */ = {
			isa = XCBuildConfiguration;
			buildSettings = {
				ASSETCATALOG_COMPILER_APPICON_NAME = AppIcon;
				CODE_SIGN_STYLE = Automatic;
				INFOPLIST_FILE = Toilets/Info.plist;
				LD_RUNPATH_SEARCH_PATHS = (
					"$(inherited)",
					"@executable_path/Frameworks",
				);
				PRODUCT_BUNDLE_IDENTIFIER = com.swinburne.Toilets;
				PRODUCT_NAME = "$(TARGET_NAME)";
				SWIFT_VERSION = 5.0;
				TARGETED_DEVICE_FAMILY = "1,2";
			};
			name = Release;
		};
/* End XCBuildConfiguration section */

/* Begin XCConfigurationList section */
		BFE991F82462825B001BF023 /* Build configuration list for PBXProject "Toilets" */ = {
			isa = XCConfigurationList;
			buildConfigurations = (
				BFE9920F2462825E001BF023 /* Debug */,
				BFE992102462825E001BF023 /* Release */,
			);
			defaultConfigurationIsVisible = 0;
			defaultConfigurationName = Release;
		};
		BFE992112462825E001BF023 /* Build configuration list for PBXNativeTarget "Toilets" */ = {
			isa = XCConfigurationList;
			buildConfigurations = (
				BFE992122462825E001BF023 /* Debug */,
				BFE992132462825E001BF023 /* Release */,
			);
			defaultConfigurationIsVisible = 0;
			defaultConfigurationName = Release;
		};
/* End XCConfigurationList section */
	};
	rootObject = BFE991F52462825B001BF023 /* Project object */;
}
